
Microsoft Visual Studio Solution File, Format Version 12.00
# Visual Studio Version 17
VisualStudioVersion = 17.11.35312.102
MinimumVisualStudioVersion = 10.0.40219.1
Project("{FAE04EC0-301F-11D3-BF4B-00C04F79EFBC}") = "battrick.justin.assignment1", "battrick.justin.assignment1.csproj", "{5DB9DEF7-0BB7-455B-937A-98BAF0FBE9F4}"
EndProject
Global
	GlobalSection(SolutionConfigurationPlatforms) = preSolution
		Debug|Any CPU = Debug|Any CPU
		Release|Any CPU = Release|Any CPU
	EndGlobalSection
	GlobalSection(ProjectConfigurationPlatforms) = postSolution
		{5DB9DEF7-0BB7-455B-937A-98BAF0FBE9F4}.Debug|Any CPU.ActiveCfg = Debug|Any CPU
		{5DB9DEF7-0BB7-455B-937A-98BAF0FBE9F4}.Debug|Any CPU.Build.0 = Debug|Any CPU
		{5DB9DEF7-0BB7-455B-937A-98BAF0FBE9F4}.Release|Any CPU.ActiveCfg = Release|Any CPU
		{5DB9DEF7-0BB7-455B-937A-98BAF0FBE9F4}.Release|Any CPU.Build.0 = Release|Any CPU
	EndGlobalSection
	GlobalSection(SolutionProperties) = preSolution
		HideSolutionNode = FALSE
	EndGlobalSection
	GlobalSection(ExtensibilityGlobals) = postSolution
		SolutionGuid = {F85785CF-A091-4DC0-993E-C96CE3A341D9}
	EndGlobalSection
EndGlobal
